
Microsoft Visual Studio Solution File, Format Version 12.00
# Visual Studio 15
VisualStudioVersion = 15.0.28307.489
MinimumVisualStudioVersion = 10.0.40219.1
Project("{9A19103F-16F7-4668-BE54-9A1E7A4F7556}") = "Login", "Login\Login.csproj", "{EF655B14-850B-40AF-98B4-316FA5C5E59C}"
EndProject
Project("{FAE04EC0-301F-11D3-BF4B-00C04F79EFBC}") = "Login.web", "Login.web\Login.web.csproj", "{0C19BE40-6007-4FA6-BDCD-BA7EB6E3782D}"
EndProject
Global
	GlobalSection(SolutionConfigurationPlatforms) = preSolution
		Debug|Any CPU = Debug|Any CPU
		Release|Any CPU = Release|Any CPU
	EndGlobalSection
	GlobalSection(ProjectConfigurationPlatforms) = postSolution
		{EF655B14-850B-40AF-98B4-316FA5C5E59C}.Debug|Any CPU.ActiveCfg = Debug|Any CPU
		{EF655B14-850B-40AF-98B4-316FA5C5E59C}.Debug|Any CPU.Build.0 = Debug|Any CPU
		{EF655B14-850B-40AF-98B4-316FA5C5E59C}.Release|Any CPU.ActiveCfg = Release|Any CPU
		{EF655B14-850B-40AF-98B4-316FA5C5E59C}.Release|Any CPU.Build.0 = Release|Any CPU
		{0C19BE40-6007-4FA6-BDCD-BA7EB6E3782D}.Debug|Any CPU.ActiveCfg = Debug|Any CPU
		{0C19BE40-6007-4FA6-BDCD-BA7EB6E3782D}.Debug|Any CPU.Build.0 = Debug|Any CPU
		{0C19BE40-6007-4FA6-BDCD-BA7EB6E3782D}.Release|Any CPU.ActiveCfg = Release|Any CPU
		{0C19BE40-6007-4FA6-BDCD-BA7EB6E3782D}.Release|Any CPU.Build.0 = Release|Any CPU
	EndGlobalSection
	GlobalSection(SolutionProperties) = preSolution
		HideSolutionNode = FALSE
	EndGlobalSection
	GlobalSection(ExtensibilityGlobals) = postSolution
		SolutionGuid = {EE8B855F-A5BC-4CEF-8D91-24F57A8571C4}
	EndGlobalSection
EndGlobal
